
Microsoft Visual Studio Solution File, Format Version 12.00
# Visual Studio Version 17
VisualStudioVersion = 17.7.34031.279
MinimumVisualStudioVersion = 10.0.40219.1
Project("{FAE04EC0-301F-11D3-BF4B-00C04F79EFBC}") = "ObuvashkaWebAPI", "ObuvashkaWebAPI.csproj", "{DD0D302A-04CE-4E8B-B256-916DFF7C0C10}"
EndProject
Global
	GlobalSection(SolutionConfigurationPlatforms) = preSolution
		Debug|Any CPU = Debug|Any CPU
		Release|Any CPU = Release|Any CPU
	EndGlobalSection
	GlobalSection(ProjectConfigurationPlatforms) = postSolution
		{DD0D302A-04CE-4E8B-B256-916DFF7C0C10}.Debug|Any CPU.ActiveCfg = Debug|Any CPU
		{DD0D302A-04CE-4E8B-B256-916DFF7C0C10}.Debug|Any CPU.Build.0 = Debug|Any CPU
		{DD0D302A-04CE-4E8B-B256-916DFF7C0C10}.Release|Any CPU.ActiveCfg = Release|Any CPU
		{DD0D302A-04CE-4E8B-B256-916DFF7C0C10}.Release|Any CPU.Build.0 = Release|Any CPU
	EndGlobalSection
	GlobalSection(SolutionProperties) = preSolution
		HideSolutionNode = FALSE
	EndGlobalSection
	GlobalSection(ExtensibilityGlobals) = postSolution
		SolutionGuid = {DE551188-7F22-4993-8520-F4D4388E0DDD}
	EndGlobalSection
EndGlobal
